
Microsoft Visual Studio Solution File, Format Version 12.00
# Visual Studio Version 17
VisualStudioVersion = 17.5.002.0
MinimumVisualStudioVersion = 10.0.40219.1
Project("{9A19103F-16F7-4668-BE54-9A1E7A4F7556}") = "CloudHRMS", "CloudHRMS.csproj", "{84286C7D-882F-4CE9-A3AB-6BE573E7A7AE}"
EndProject
Global
	GlobalSection(SolutionConfigurationPlatforms) = preSolution
		Debug|Any CPU = Debug|Any CPU
		Release|Any CPU = Release|Any CPU
	EndGlobalSection
	GlobalSection(ProjectConfigurationPlatforms) = postSolution
		{84286C7D-882F-4CE9-A3AB-6BE573E7A7AE}.Debug|Any CPU.ActiveCfg = Debug|Any CPU
		{84286C7D-882F-4CE9-A3AB-6BE573E7A7AE}.Debug|Any CPU.Build.0 = Debug|Any CPU
		{84286C7D-882F-4CE9-A3AB-6BE573E7A7AE}.Release|Any CPU.ActiveCfg = Release|Any CPU
		{84286C7D-882F-4CE9-A3AB-6BE573E7A7AE}.Release|Any CPU.Build.0 = Release|Any CPU
	EndGlobalSection
	GlobalSection(SolutionProperties) = preSolution
		HideSolutionNode = FALSE
	EndGlobalSection
	GlobalSection(ExtensibilityGlobals) = postSolution
		SolutionGuid = {5E726183-6147-4505-9974-B5E1C19791B3}
	EndGlobalSection
EndGlobal
