
Microsoft Visual Studio Solution File, Format Version 12.00
# Visual Studio Version 17
VisualStudioVersion = 17.5.002.0
MinimumVisualStudioVersion = 10.0.40219.1
Project("{9A19103F-16F7-4668-BE54-9A1E7A4F7556}") = "Day4", "Day4.csproj", "{378DAF46-C51C-4899-876C-7279F6726586}"
EndProject
Global
	GlobalSection(SolutionConfigurationPlatforms) = preSolution
		Debug|Any CPU = Debug|Any CPU
		Release|Any CPU = Release|Any CPU
	EndGlobalSection
	GlobalSection(ProjectConfigurationPlatforms) = postSolution
		{378DAF46-C51C-4899-876C-7279F6726586}.Debug|Any CPU.ActiveCfg = Debug|Any CPU
		{378DAF46-C51C-4899-876C-7279F6726586}.Debug|Any CPU.Build.0 = Debug|Any CPU
		{378DAF46-C51C-4899-876C-7279F6726586}.Release|Any CPU.ActiveCfg = Release|Any CPU
		{378DAF46-C51C-4899-876C-7279F6726586}.Release|Any CPU.Build.0 = Release|Any CPU
	EndGlobalSection
	GlobalSection(SolutionProperties) = preSolution
		HideSolutionNode = FALSE
	EndGlobalSection
	GlobalSection(ExtensibilityGlobals) = postSolution
		SolutionGuid = {0D3B9090-73F8-487D-B577-572F3DD3D7C2}
	EndGlobalSection
EndGlobal
