
Microsoft Visual Studio Solution File, Format Version 12.00
# Visual Studio Version 17
VisualStudioVersion = 17.5.002.0
MinimumVisualStudioVersion = 10.0.40219.1
Project("{9A19103F-16F7-4668-BE54-9A1E7A4F7556}") = "HelloWebApp", "HelloWebApp.csproj", "{BE1DE8A8-F13E-4877-8C87-EC0DEA63D559}"
EndProject
Global
	GlobalSection(SolutionConfigurationPlatforms) = preSolution
		Debug|Any CPU = Debug|Any CPU
		Release|Any CPU = Release|Any CPU
	EndGlobalSection
	GlobalSection(ProjectConfigurationPlatforms) = postSolution
		{BE1DE8A8-F13E-4877-8C87-EC0DEA63D559}.Debug|Any CPU.ActiveCfg = Debug|Any CPU
		{BE1DE8A8-F13E-4877-8C87-EC0DEA63D559}.Debug|Any CPU.Build.0 = Debug|Any CPU
		{BE1DE8A8-F13E-4877-8C87-EC0DEA63D559}.Release|Any CPU.ActiveCfg = Release|Any CPU
		{BE1DE8A8-F13E-4877-8C87-EC0DEA63D559}.Release|Any CPU.Build.0 = Release|Any CPU
	EndGlobalSection
	GlobalSection(SolutionProperties) = preSolution
		HideSolutionNode = FALSE
	EndGlobalSection
	GlobalSection(ExtensibilityGlobals) = postSolution
		SolutionGuid = {829D63D0-9527-42BA-9292-DF27272927F8}
	EndGlobalSection
EndGlobal
