
Microsoft Visual Studio Solution File, Format Version 12.00
# Visual Studio Version 17
VisualStudioVersion = 17.5.002.0
MinimumVisualStudioVersion = 10.0.40219.1
Project("{9A19103F-16F7-4668-BE54-9A1E7A4F7556}") = "BindingPractice", "BindingPractice.csproj", "{1F226B93-3CFC-4139-83BA-4C35930E4328}"
EndProject
Global
	GlobalSection(SolutionConfigurationPlatforms) = preSolution
		Debug|Any CPU = Debug|Any CPU
		Release|Any CPU = Release|Any CPU
	EndGlobalSection
	GlobalSection(ProjectConfigurationPlatforms) = postSolution
		{1F226B93-3CFC-4139-83BA-4C35930E4328}.Debug|Any CPU.ActiveCfg = Debug|Any CPU
		{1F226B93-3CFC-4139-83BA-4C35930E4328}.Debug|Any CPU.Build.0 = Debug|Any CPU
		{1F226B93-3CFC-4139-83BA-4C35930E4328}.Release|Any CPU.ActiveCfg = Release|Any CPU
		{1F226B93-3CFC-4139-83BA-4C35930E4328}.Release|Any CPU.Build.0 = Release|Any CPU
	EndGlobalSection
	GlobalSection(SolutionProperties) = preSolution
		HideSolutionNode = FALSE
	EndGlobalSection
	GlobalSection(ExtensibilityGlobals) = postSolution
		SolutionGuid = {793B4957-3CE1-4D02-898A-E8FF27BF0E40}
	EndGlobalSection
EndGlobal
